
Microsoft Visual Studio Solution File, Format Version 12.00
# Visual Studio Version 17
VisualStudioVersion = 17.7.34018.315
MinimumVisualStudioVersion = 10.0.40219.1
Project("{F184B08F-C81C-45F6-A57F-5ABD9991F28F}") = "TestSQL", "TestSQL\TestSQL.vbproj", "{9A18C7F3-BD71-4794-81A3-25E02AC63101}"
EndProject
Global
	GlobalSection(SolutionConfigurationPlatforms) = preSolution
		Debug|Any CPU = Debug|Any CPU
		Release|Any CPU = Release|Any CPU
	EndGlobalSection
	GlobalSection(ProjectConfigurationPlatforms) = postSolution
		{9A18C7F3-BD71-4794-81A3-25E02AC63101}.Debug|Any CPU.ActiveCfg = Debug|Any CPU
		{9A18C7F3-BD71-4794-81A3-25E02AC63101}.Debug|Any CPU.Build.0 = Debug|Any CPU
		{9A18C7F3-BD71-4794-81A3-25E02AC63101}.Release|Any CPU.ActiveCfg = Release|Any CPU
		{9A18C7F3-BD71-4794-81A3-25E02AC63101}.Release|Any CPU.Build.0 = Release|Any CPU
	EndGlobalSection
	GlobalSection(SolutionProperties) = preSolution
		HideSolutionNode = FALSE
	EndGlobalSection
	GlobalSection(ExtensibilityGlobals) = postSolution
		SolutionGuid = {AB102AE4-56B0-42EF-9947-153131916CF7}
	EndGlobalSection
EndGlobal
